
Microsoft Visual Studio Solution File, Format Version 12.00
# Visual Studio Version 17
VisualStudioVersion = 17.11.35222.181
MinimumVisualStudioVersion = 10.0.40219.1
Project("{FAE04EC0-301F-11D3-BF4B-00C04F79EFBC}") = "CurrencyDemo1b", "CurrencyDemo1b.csproj", "{BED73CD4-6011-4D33-85B9-5897C7B36509}"
EndProject
Global
	GlobalSection(SolutionConfigurationPlatforms) = preSolution
		Debug|Any CPU = Debug|Any CPU
		Release|Any CPU = Release|Any CPU
	EndGlobalSection
	GlobalSection(ProjectConfigurationPlatforms) = postSolution
		{BED73CD4-6011-4D33-85B9-5897C7B36509}.Debug|Any CPU.ActiveCfg = Debug|Any CPU
		{BED73CD4-6011-4D33-85B9-5897C7B36509}.Debug|Any CPU.Build.0 = Debug|Any CPU
		{BED73CD4-6011-4D33-85B9-5897C7B36509}.Release|Any CPU.ActiveCfg = Release|Any CPU
		{BED73CD4-6011-4D33-85B9-5897C7B36509}.Release|Any CPU.Build.0 = Release|Any CPU
	EndGlobalSection
	GlobalSection(SolutionProperties) = preSolution
		HideSolutionNode = FALSE
	EndGlobalSection
	GlobalSection(ExtensibilityGlobals) = postSolution
		SolutionGuid = {A195A23F-5779-4300-819A-C984A56DF09E}
	EndGlobalSection
EndGlobal
